
Microsoft Visual Studio Solution File, Format Version 12.00
# Visual Studio 15
Project("{FAE04EC0-301F-11D3-BF4B-00C04F79EFBC}") = "Assembly-CSharp", "Assembly-CSharp.csproj", "{23180A7A-F39F-0693-E0FE-DF9065BC1C00}"
EndProject
Project("{FAE04EC0-301F-11D3-BF4B-00C04F79EFBC}") = "Assembly-CSharp-firstpass", "Assembly-CSharp-firstpass.csproj", "{C385FA66-4902-7BE6-F259-8AACBC3F1C2C}"
EndProject
Project("{FAE04EC0-301F-11D3-BF4B-00C04F79EFBC}") = "Assembly-CSharp-Editor", "Assembly-CSharp-Editor.csproj", "{895A8F55-6EFE-4F39-052F-9FA429C07FEF}"
EndProject
Global
	GlobalSection(SolutionConfigurationPlatforms) = preSolution
		Debug|Any CPU = Debug|Any CPU
		Release|Any CPU = Release|Any CPU
	EndGlobalSection
	GlobalSection(ProjectConfigurationPlatforms) = postSolution
		{23180A7A-F39F-0693-E0FE-DF9065BC1C00}.Debug|Any CPU.ActiveCfg = Debug|Any CPU
		{23180A7A-F39F-0693-E0FE-DF9065BC1C00}.Debug|Any CPU.Build.0 = Debug|Any CPU
		{23180A7A-F39F-0693-E0FE-DF9065BC1C00}.Release|Any CPU.ActiveCfg = Release|Any CPU
		{23180A7A-F39F-0693-E0FE-DF9065BC1C00}.Release|Any CPU.Build.0 = Release|Any CPU
		{C385FA66-4902-7BE6-F259-8AACBC3F1C2C}.Debug|Any CPU.ActiveCfg = Debug|Any CPU
		{C385FA66-4902-7BE6-F259-8AACBC3F1C2C}.Debug|Any CPU.Build.0 = Debug|Any CPU
		{C385FA66-4902-7BE6-F259-8AACBC3F1C2C}.Release|Any CPU.ActiveCfg = Release|Any CPU
		{C385FA66-4902-7BE6-F259-8AACBC3F1C2C}.Release|Any CPU.Build.0 = Release|Any CPU
		{895A8F55-6EFE-4F39-052F-9FA429C07FEF}.Debug|Any CPU.ActiveCfg = Debug|Any CPU
		{895A8F55-6EFE-4F39-052F-9FA429C07FEF}.Debug|Any CPU.Build.0 = Debug|Any CPU
		{895A8F55-6EFE-4F39-052F-9FA429C07FEF}.Release|Any CPU.ActiveCfg = Release|Any CPU
		{895A8F55-6EFE-4F39-052F-9FA429C07FEF}.Release|Any CPU.Build.0 = Release|Any CPU
	EndGlobalSection
	GlobalSection(SolutionProperties) = preSolution
		HideSolutionNode = FALSE
	EndGlobalSection
	GlobalSection(MonoDevelopProperties) = preSolution
		StartupItem = Assembly-CSharp.csproj
		Policies = $0
		$0.TextStylePolicy = $1
		$1.inheritsSet = null
		$1.scope = text/x-csharp
		$0.CSharpFormattingPolicy = $2
		$2.inheritsSet = Mono
		$2.inheritsScope = text/x-csharp
		$2.scope = text/x-csharp
		$0.TextStylePolicy = $3
		$3.FileWidth = 120
		$3.TabsToSpaces = False
		$3.EolMarker = Unix
		$3.inheritsSet = VisualStudio
		$3.inheritsScope = text/plain
		$3.scope = text/plain
	EndGlobalSection
EndGlobal
